PODS:
  - Charts (3.5.0):
    - Charts/Core (= 3.5.0)
  - Charts/Core (3.5.0)
  - Realm (4.4.0):
    - Realm/Headers (= 4.4.0)
  - Realm/Headers (4.4.0)
  - RealmSwift (4.4.0):
    - Realm (= 4.4.0)
  - ScrollableGraphView (4.0.6)

DEPENDENCIES:
  - Charts
  - RealmSwift
  - ScrollableGraphView

SPEC REPOS:
  trunk:
    - Charts
    - Realm
    - RealmSwift
    - ScrollableGraphView

SPEC CHECKSUMS:
  Charts: 40a08591df1f8ad5c223ddedfb1a06da92f24f7c
  Realm: e125f464884cda953ebefe70c671b75b03b81b9b
  RealmSwift: 33656a42bd300959a081fc13347376bc478071af
  ScrollableGraphView: 4af35d4ea9ecdec665d34a74da51da161ddff8ac

PODFILE CHECKSUM: 9ca55ae0cfaf0f188dea31c579ee95da385d8ae9

COCOAPODS: 1.8.4
