// !$*UTF8*$!
{
	archiveVersion = 1;
	classes = {
	};
	objectVersion = 51;
	objects = {

/* Begin PBXBuildFile section */
		3A2CD2A424370BCB008FC787 /* FeedBack.swift in Sources */ = {isa = PBXBuildFile; fileRef = 3A2CD2A324370BCB008FC787 /* FeedBack.swift */; };
		3A375FC22462979400A57F29 /* TagViewController.swift in Sources */ = {isa = PBXBuildFile; fileRef = 3A375FC12462979400A57F29 /* TagViewController.swift */; };
		3A375FC4246297B000A57F29 /* ExTagListTableViewController.swift in Sources */ = {isa = PBXBuildFile; fileRef = 3A375FC3246297B000A57F29 /* ExTagListTableViewController.swift */; };
		3A3D5ABF2464EAC3005891D6 /* TagListTableViewController.swift in Sources */ = {isa = PBXBuildFile; fileRef = 3A3D5ABE2464EAC2005891D6 /* TagListTableViewController.swift */; };
		3A3D5AC224665876005891D6 /* TagCell.swift in Sources */ = {isa = PBXBuildFile; fileRef = 3A3D5AC024665876005891D6 /* TagCell.swift */; };
		3A3D5AC324665876005891D6 /* TagCell.xib in Resources */ = {isa = PBXBuildFile; fileRef = 3A3D5AC124665876005891D6 /* TagCell.xib */; };
		3A3D5AC524665AAC005891D6 /* EditTagViewController.swift in Sources */ = {isa = PBXBuildFile; fileRef = 3A3D5AC424665AAC005891D6 /* EditTagViewController.swift */; };
		3A3D5ACB2477EE16005891D6 /* NASlideController.swift in Sources */ = {isa = PBXBuildFile; fileRef = 3A3D5ACA2477EE16005891D6 /* NASlideController.swift */; };
		3A3D5ACD2477EE23005891D6 /* BPSlideController.swift in Sources */ = {isa = PBXBuildFile; fileRef = 3A3D5ACC2477EE23005891D6 /* BPSlideController.swift */; };
		3A3D5AD12477F083005891D6 /* StyleBaseViewController.swift in Sources */ = {isa = PBXBuildFile; fileRef = 3A3D5AD02477F083005891D6 /* StyleBaseViewController.swift */; };
		3A3D5AD32478C4C9005891D6 /* RoleBaseViewController.swift in Sources */ = {isa = PBXBuildFile; fileRef = 3A3D5AD22478C4C9005891D6 /* RoleBaseViewController.swift */; };
		3A3D5AD52478C4DB005891D6 /* GenreBaseViewController.swift in Sources */ = {isa = PBXBuildFile; fileRef = 3A3D5AD42478C4DB005891D6 /* GenreBaseViewController.swift */; };
		3A3D5AD72478C6EE005891D6 /* MenuTableViewController.swift in Sources */ = {isa = PBXBuildFile; fileRef = 3A3D5AD62478C6EE005891D6 /* MenuTableViewController.swift */; };
		3A3D5ADD249BAC64005891D6 /* AsianSlideController.swift in Sources */ = {isa = PBXBuildFile; fileRef = 3A3D5ADC249BAC64005891D6 /* AsianSlideController.swift */; };
		3A3D5ADF249BAE0D005891D6 /* PMSlideController.swift in Sources */ = {isa = PBXBuildFile; fileRef = 3A3D5ADE249BAE0D005891D6 /* PMSlideController.swift */; };
		3A3D5AE1249BAE1F005891D6 /* DPMSlideController.swift in Sources */ = {isa = PBXBuildFile; fileRef = 3A3D5AE0249BAE1F005891D6 /* DPMSlideController.swift */; };
		3A3D5AE3249BAE3B005891D6 /* MGSlideController.swift in Sources */ = {isa = PBXBuildFile; fileRef = 3A3D5AE2249BAE3B005891D6 /* MGSlideController.swift */; };
		3A3D5AE5249BAE4E005891D6 /* GWSlideController.swift in Sources */ = {isa = PBXBuildFile; fileRef = 3A3D5AE4249BAE4E005891D6 /* GWSlideController.swift */; };
		3A3D5AE7249BAE65005891D6 /* PMRSlideController.swift in Sources */ = {isa = PBXBuildFile; fileRef = 3A3D5AE6249BAE65005891D6 /* PMRSlideController.swift */; };
		3A3D5AE9249BAE94005891D6 /* LOSlideController.swift in Sources */ = {isa = PBXBuildFile; fileRef = 3A3D5AE8249BAE94005891D6 /* LOSlideController.swift */; };
		3A3D5AEB249BAEA3005891D6 /* DLOSlideController.swift in Sources */ = {isa = PBXBuildFile; fileRef = 3A3D5AEA249BAEA3005891D6 /* DLOSlideController.swift */; };
		3A3D5AED249BAEB0005891D6 /* MOSlideController.swift in Sources */ = {isa = PBXBuildFile; fileRef = 3A3D5AEC249BAEB0005891D6 /* MOSlideController.swift */; };
		3A3D5AEF249BAEBC005891D6 /* OWSlideController.swift in Sources */ = {isa = PBXBuildFile; fileRef = 3A3D5AEE249BAEBC005891D6 /* OWSlideController.swift */; };
		3A3D5AF1249BAEC8005891D6 /* LORSlideController.swift in Sources */ = {isa = PBXBuildFile; fileRef = 3A3D5AF0249BAEC8005891D6 /* LORSlideController.swift */; };
		3A5AD3FD24ED4C6000A09C22 /* PMScoreCell.swift in Sources */ = {isa = PBXBuildFile; fileRef = 3A5AD3FB24ED4C6000A09C22 /* PMScoreCell.swift */; };
		3A5AD3FE24ED4C6000A09C22 /* PMScoreCell.xib in Resources */ = {isa = PBXBuildFile; fileRef = 3A5AD3FC24ED4C6000A09C22 /* PMScoreCell.xib */; };
		3A5AD40124ED4F3B00A09C22 /* PMPieChartViewCell.swift in Sources */ = {isa = PBXBuildFile; fileRef = 3A5AD3FF24ED4F3B00A09C22 /* PMPieChartViewCell.swift */; };
		3A5AD40224ED4F3B00A09C22 /* PMPieChartViewCell.xib in Resources */ = {isa = PBXBuildFile; fileRef = 3A5AD40024ED4F3B00A09C22 /* PMPieChartViewCell.xib */; };
		3A742712243B2C19005D6F78 /* InitialViewController.swift in Sources */ = {isa = PBXBuildFile; fileRef = 3A742711243B2C19005D6F78 /* InitialViewController.swift */; };
		3A742715243B51CB005D6F78 /* FeedBackCell.swift in Sources */ = {isa = PBXBuildFile; fileRef = 3A742713243B51CB005D6F78 /* FeedBackCell.swift */; };
		3A742716243B51CB005D6F78 /* FeedBackCell.xib in Resources */ = {isa = PBXBuildFile; fileRef = 3A742714243B51CB005D6F78 /* FeedBackCell.xib */; };
		3A7E52BB24418D6900174180 /* EditFBViewController.swift in Sources */ = {isa = PBXBuildFile; fileRef = 3A7E52BA24418D6900174180 /* EditFBViewController.swift */; };
		3A7E52BF2446DC0500174180 /* FigureViewController.swift in Sources */ = {isa = PBXBuildFile; fileRef = 3A7E52BE2446DC0500174180 /* FigureViewController.swift */; };
		3A7E52C12447F35400174180 /* Result.swift in Sources */ = {isa = PBXBuildFile; fileRef = 3A7E52C02447F35400174180 /* Result.swift */; };
		3A7E52C32447FFDE00174180 /* ResultCalculation.swift in Sources */ = {isa = PBXBuildFile; fileRef = 3A7E52C22447FFDE00174180 /* ResultCalculation.swift */; };
		3A872ED6243B5F9B00CC5EF3 /* README.md in Resources */ = {isa = PBXBuildFile; fileRef = 3A872ED5243B5F9B00CC5EF3 /* README.md */; };
		3A979254245287D9002AFDC5 /* TotalScoreCell.swift in Sources */ = {isa = PBXBuildFile; fileRef = 3A979252245287D9002AFDC5 /* TotalScoreCell.swift */; };
		3A979255245287D9002AFDC5 /* TotalScoreCell.xib in Resources */ = {isa = PBXBuildFile; fileRef = 3A979253245287D9002AFDC5 /* TotalScoreCell.xib */; };
		3A97925824553FDD002AFDC5 /* NAScoreCell.swift in Sources */ = {isa = PBXBuildFile; fileRef = 3A97925624553FDD002AFDC5 /* NAScoreCell.swift */; };
		3A97925924553FDD002AFDC5 /* NAScoreCell.xib in Resources */ = {isa = PBXBuildFile; fileRef = 3A97925724553FDD002AFDC5 /* NAScoreCell.xib */; };
		3A97925C24554442002AFDC5 /* BPScoreCell.swift in Sources */ = {isa = PBXBuildFile; fileRef = 3A97925A24554442002AFDC5 /* BPScoreCell.swift */; };
		3A97925D24554442002AFDC5 /* BPScoreCell.xib in Resources */ = {isa = PBXBuildFile; fileRef = 3A97925B24554442002AFDC5 /* BPScoreCell.xib */; };
		3A9792602455445C002AFDC5 /* AsianScoreCell.swift in Sources */ = {isa = PBXBuildFile; fileRef = 3A97925E2455445C002AFDC5 /* AsianScoreCell.swift */; };
		3A9792612455445C002AFDC5 /* AsianScoreCell.xib in Resources */ = {isa = PBXBuildFile; fileRef = 3A97925F2455445C002AFDC5 /* AsianScoreCell.xib */; };
		3A97926724582C18002AFDC5 /* ViewController.swift in Sources */ = {isa = PBXBuildFile; fileRef = 3A97926624582C18002AFDC5 /* ViewController.swift */; };
		3A97926B24584C35002AFDC5 /* SideMenuViewController.swift in Sources */ = {isa = PBXBuildFile; fileRef = 3A97926A24584C35002AFDC5 /* SideMenuViewController.swift */; };
		3A97927224598BF9002AFDC5 /* SideMenuStyleCell.swift in Sources */ = {isa = PBXBuildFile; fileRef = 3A97927024598BF9002AFDC5 /* SideMenuStyleCell.swift */; };
		3A97927324598BF9002AFDC5 /* SideMenuStyleCell.xib in Resources */ = {isa = PBXBuildFile; fileRef = 3A97927124598BF9002AFDC5 /* SideMenuStyleCell.xib */; };
		3A979275245BC021002AFDC5 /* MultiTableViewController.swift in Sources */ = {isa = PBXBuildFile; fileRef = 3A979274245BC021002AFDC5 /* MultiTableViewController.swift */; };
		3A97E0822435D7C000D4CCCB /* AppDelegate.swift in Sources */ = {isa = PBXBuildFile; fileRef = 3A97E0812435D7C000D4CCCB /* AppDelegate.swift */; };
		3A97E0842435D7C000D4CCCB /* SceneDelegate.swift in Sources */ = {isa = PBXBuildFile; fileRef = 3A97E0832435D7C000D4CCCB /* SceneDelegate.swift */; };
		3A97E0862435D7C000D4CCCB /* ResisterFBViewController.swift in Sources */ = {isa = PBXBuildFile; fileRef = 3A97E0852435D7C000D4CCCB /* ResisterFBViewController.swift */; };
		3A97E0892435D7C000D4CCCB /* Main.storyboard in Resources */ = {isa = PBXBuildFile; fileRef = 3A97E0872435D7C000D4CCCB /* Main.storyboard */; };
		3A97E08B2435D7C200D4CCCB /* Assets.xcassets in Resources */ = {isa = PBXBuildFile; fileRef = 3A97E08A2435D7C200D4CCCB /* Assets.xcassets */; };
		3A97E08E2435D7C200D4CCCB /* LaunchScreen.storyboard in Resources */ = {isa = PBXBuildFile; fileRef = 3A97E08C2435D7C200D4CCCB /* LaunchScreen.storyboard */; };
		3AB6A122244944BA0065CEBC /* ScoreBarChartsScrollViewController.swift in Sources */ = {isa = PBXBuildFile; fileRef = 3AB6A121244944BA0065CEBC /* ScoreBarChartsScrollViewController.swift */; };
		3AB6A12E24495CC90065CEBC /* PieChartCell.swift in Sources */ = {isa = PBXBuildFile; fileRef = 3AB6A12C24495CC90065CEBC /* PieChartCell.swift */; };
		3AB6A12F24495CC90065CEBC /* PieChartCell.xib in Resources */ = {isa = PBXBuildFile; fileRef = 3AB6A12D24495CC90065CEBC /* PieChartCell.xib */; };
		3AB6A13224495CF10065CEBC /* BarChartwCell.swift in Sources */ = {isa = PBXBuildFile; fileRef = 3AB6A13024495CF10065CEBC /* BarChartwCell.swift */; };
		3AB6A13324495CF10065CEBC /* BarChartwCell.xib in Resources */ = {isa = PBXBuildFile; fileRef = 3AB6A13124495CF10065CEBC /* BarChartwCell.xib */; };
		3AB6A13524495E5D0065CEBC /* WinRatePieChartsScrollViewController.swift in Sources */ = {isa = PBXBuildFile; fileRef = 3AB6A13424495E5D0065CEBC /* WinRatePieChartsScrollViewController.swift */; };
		3AB6A137244EEEB50065CEBC /* DrawGraph.swift in Sources */ = {isa = PBXBuildFile; fileRef = 3AB6A136244EEEB50065CEBC /* DrawGraph.swift */; };
		3AB6A13A244EEFFE0065CEBC /* NAPieChartViewCell.swift in Sources */ = {isa = PBXBuildFile; fileRef = 3AB6A138244EEFFE0065CEBC /* NAPieChartViewCell.swift */; };
		3AB6A13B244EEFFE0065CEBC /* NAPieChartViewCell.xib in Resources */ = {isa = PBXBuildFile; fileRef = 3AB6A139244EEFFE0065CEBC /* NAPieChartViewCell.xib */; };
		3AB6A13E244EF0270065CEBC /* BPPieChartViewCell.swift in Sources */ = {isa = PBXBuildFile; fileRef = 3AB6A13C244EF0270065CEBC /* BPPieChartViewCell.swift */; };
		3AB6A13F244EF0270065CEBC /* BPPieChartViewCell.xib in Resources */ = {isa = PBXBuildFile; fileRef = 3AB6A13D244EF0270065CEBC /* BPPieChartViewCell.xib */; };
		3AB6A142244EF03A0065CEBC /* AsianPieChartViewCell2.swift in Sources */ = {isa = PBXBuildFile; fileRef = 3AB6A140244EF03A0065CEBC /* AsianPieChartViewCell2.swift */; };
		3AB6A143244EF03A0065CEBC /* AsianPieChartViewCell2.xib in Resources */ = {isa = PBXBuildFile; fileRef = 3AB6A141244EF03A0065CEBC /* AsianPieChartViewCell2.xib */; };
		3AC1557124383D6B0076D8D8 /* ExViewController.swift in Sources */ = {isa = PBXBuildFile; fileRef = 3AC1557024383D6B0076D8D8 /* ExViewController.swift */; };
		51CBEE61B3DF41E7C5499261 /* Pods_DebateApp.framework in Frameworks */ = {isa = PBXBuildFile; fileRef = 6303956212BA5D74BCB99AD5 /* Pods_DebateApp.framework */; };
/* End PBXBuildFile section */

/* Begin PBXFileReference section */
		3A2CD2A324370BCB008FC787 /* FeedBack.swift */ = {isa = PBXFileReference; lastKnownFileType = sourcecode.swift; path = FeedBack.swift; sourceTree = "<group>"; };
		3A375FC12462979400A57F29 /* TagViewController.swift */ = {isa = PBXFileReference; lastKnownFileType = sourcecode.swift; path = TagViewController.swift; sourceTree = "<group>"; };
		3A375FC3246297B000A57F29 /* ExTagListTableViewController.swift */ = {isa = PBXFileReference; lastKnownFileType = sourcecode.swift; path = ExTagListTableViewController.swift; sourceTree = "<group>"; };
		3A3D5ABE2464EAC2005891D6 /* TagListTableViewController.swift */ = {isa = PBXFileReference; lastKnownFileType = sourcecode.swift; path = TagListTableViewController.swift; sourceTree = "<group>"; };
		3A3D5AC024665876005891D6 /* TagCell.swift */ = {isa = PBXFileReference; lastKnownFileType = sourcecode.swift; path = TagCell.swift; sourceTree = "<group>"; };
		3A3D5AC124665876005891D6 /* TagCell.xib */ = {isa = PBXFileReference; lastKnownFileType = file.xib; path = TagCell.xib; sourceTree = "<group>"; };
		3A3D5AC424665AAC005891D6 /* EditTagViewController.swift */ = {isa = PBXFileReference; lastKnownFileType = sourcecode.swift; path = EditTagViewController.swift; sourceTree = "<group>"; };
		3A3D5ACA2477EE16005891D6 /* NASlideController.swift */ = {isa = PBXFileReference; lastKnownFileType = sourcecode.swift; path = NASlideController.swift; sourceTree = "<group>"; };
		3A3D5ACC2477EE23005891D6 /* BPSlideController.swift */ = {isa = PBXFileReference; lastKnownFileType = sourcecode.swift; path = BPSlideController.swift; sourceTree = "<group>"; };
		3A3D5AD02477F083005891D6 /* StyleBaseViewController.swift */ = {isa = PBXFileReference; lastKnownFileType = sourcecode.swift; path = StyleBaseViewController.swift; sourceTree = "<group>"; };
		3A3D5AD22478C4C9005891D6 /* RoleBaseViewController.swift */ = {isa = PBXFileReference; lastKnownFileType = sourcecode.swift; path = RoleBaseViewController.swift; sourceTree = "<group>"; };
		3A3D5AD42478C4DB005891D6 /* GenreBaseViewController.swift */ = {isa = PBXFileReference; lastKnownFileType = sourcecode.swift; path = GenreBaseViewController.swift; sourceTree = "<group>"; };
		3A3D5AD62478C6EE005891D6 /* MenuTableViewController.swift */ = {isa = PBXFileReference; lastKnownFileType = sourcecode.swift; path = MenuTableViewController.swift; sourceTree = "<group>"; };
		3A3D5ADC249BAC64005891D6 /* AsianSlideController.swift */ = {isa = PBXFileReference; lastKnownFileType = sourcecode.swift; path = AsianSlideController.swift; sourceTree = "<group>"; };
		3A3D5ADE249BAE0D005891D6 /* PMSlideController.swift */ = {isa = PBXFileReference; lastKnownFileType = sourcecode.swift; path = PMSlideController.swift; sourceTree = "<group>"; };
		3A3D5AE0249BAE1F005891D6 /* DPMSlideController.swift */ = {isa = PBXFileReference; lastKnownFileType = sourcecode.swift; path = DPMSlideController.swift; sourceTree = "<group>"; };
		3A3D5AE2249BAE3B005891D6 /* MGSlideController.swift */ = {isa = PBXFileReference; lastKnownFileType = sourcecode.swift; path = MGSlideController.swift; sourceTree = "<group>"; };
		3A3D5AE4249BAE4E005891D6 /* GWSlideController.swift */ = {isa = PBXFileReference; lastKnownFileType = sourcecode.swift; path = GWSlideController.swift; sourceTree = "<group>"; };
		3A3D5AE6249BAE65005891D6 /* PMRSlideController.swift */ = {isa = PBXFileReference; lastKnownFileType = sourcecode.swift; path = PMRSlideController.swift; sourceTree = "<group>"; };
		3A3D5AE8249BAE94005891D6 /* LOSlideController.swift */ = {isa = PBXFileReference; lastKnownFileType = sourcecode.swift; path = LOSlideController.swift; sourceTree = "<group>"; };
		3A3D5AEA249BAEA3005891D6 /* DLOSlideController.swift */ = {isa = PBXFileReference; lastKnownFileType = sourcecode.swift; path = DLOSlideController.swift; sourceTree = "<group>"; };
		3A3D5AEC249BAEB0005891D6 /* MOSlideController.swift */ = {isa = PBXFileReference; lastKnownFileType = sourcecode.swift; path = MOSlideController.swift; sourceTree = "<group>"; };
		3A3D5AEE249BAEBC005891D6 /* OWSlideController.swift */ = {isa = PBXFileReference; lastKnownFileType = sourcecode.swift; path = OWSlideController.swift; sourceTree = "<group>"; };
		3A3D5AF0249BAEC8005891D6 /* LORSlideController.swift */ = {isa = PBXFileReference; lastKnownFileType = sourcecode.swift; path = LORSlideController.swift; sourceTree = "<group>"; };
		3A5AD3FB24ED4C6000A09C22 /* PMScoreCell.swift */ = {isa = PBXFileReference; lastKnownFileType = sourcecode.swift; path = PMScoreCell.swift; sourceTree = "<group>"; };
		3A5AD3FC24ED4C6000A09C22 /* PMScoreCell.xib */ = {isa = PBXFileReference; lastKnownFileType = file.xib; path = PMScoreCell.xib; sourceTree = "<group>"; };
		3A5AD3FF24ED4F3B00A09C22 /* PMPieChartViewCell.swift */ = {isa = PBXFileReference; lastKnownFileType = sourcecode.swift; path = PMPieChartViewCell.swift; sourceTree = "<group>"; };
		3A5AD40024ED4F3B00A09C22 /* PMPieChartViewCell.xib */ = {isa = PBXFileReference; lastKnownFileType = file.xib; path = PMPieChartViewCell.xib; sourceTree = "<group>"; };
		3A742711243B2C19005D6F78 /* InitialViewController.swift */ = {isa = PBXFileReference; lastKnownFileType = sourcecode.swift; path = InitialViewController.swift; sourceTree = "<group>"; };
		3A742713243B51CB005D6F78 /* FeedBackCell.swift */ = {isa = PBXFileReference; lastKnownFileType = sourcecode.swift; path = FeedBackCell.swift; sourceTree = "<group>"; };
		3A742714243B51CB005D6F78 /* FeedBackCell.xib */ = {isa = PBXFileReference; lastKnownFileType = file.xib; path = FeedBackCell.xib; sourceTree = "<group>"; };
		3A7E52BA24418D6900174180 /* EditFBViewController.swift */ = {isa = PBXFileReference; lastKnownFileType = sourcecode.swift; path = EditFBViewController.swift; sourceTree = "<group>"; };
		3A7E52BE2446DC0500174180 /* FigureViewController.swift */ = {isa = PBXFileReference; lastKnownFileType = sourcecode.swift; path = FigureViewController.swift; sourceTree = "<group>"; };
		3A7E52C02447F35400174180 /* Result.swift */ = {isa = PBXFileReference; lastKnownFileType = sourcecode.swift; path = Result.swift; sourceTree = "<group>"; };
		3A7E52C22447FFDE00174180 /* ResultCalculation.swift */ = {isa = PBXFileReference; lastKnownFileType = sourcecode.swift; path = ResultCalculation.swift; sourceTree = "<group>"; };
		3A872ED5243B5F9B00CC5EF3 /* README.md */ = {isa = PBXFileReference; lastKnownFileType = net.daringfireball.markdown; path = README.md; sourceTree = "<group>"; };
		3A979252245287D9002AFDC5 /* TotalScoreCell.swift */ = {isa = PBXFileReference; lastKnownFileType = sourcecode.swift; path = TotalScoreCell.swift; sourceTree = "<group>"; };
		3A979253245287D9002AFDC5 /* TotalScoreCell.xib */ = {isa = PBXFileReference; lastKnownFileType = file.xib; path = TotalScoreCell.xib; sourceTree = "<group>"; };
		3A97925624553FDD002AFDC5 /* NAScoreCell.swift */ = {isa = PBXFileReference; lastKnownFileType = sourcecode.swift; path = NAScoreCell.swift; sourceTree = "<group>"; };
		3A97925724553FDD002AFDC5 /* NAScoreCell.xib */ = {isa = PBXFileReference; lastKnownFileType = file.xib; path = NAScoreCell.xib; sourceTree = "<group>"; };
		3A97925A24554442002AFDC5 /* BPScoreCell.swift */ = {isa = PBXFileReference; lastKnownFileType = sourcecode.swift; path = BPScoreCell.swift; sourceTree = "<group>"; };
		3A97925B24554442002AFDC5 /* BPScoreCell.xib */ = {isa = PBXFileReference; lastKnownFileType = file.xib; path = BPScoreCell.xib; sourceTree = "<group>"; };
		3A97925E2455445C002AFDC5 /* AsianScoreCell.swift */ = {isa = PBXFileReference; lastKnownFileType = sourcecode.swift; path = AsianScoreCell.swift; sourceTree = "<group>"; };
		3A97925F2455445C002AFDC5 /* AsianScoreCell.xib */ = {isa = PBXFileReference; lastKnownFileType = file.xib; path = AsianScoreCell.xib; sourceTree = "<group>"; };
		3A97926624582C18002AFDC5 /* ViewController.swift */ = {isa = PBXFileReference; lastKnownFileType = sourcecode.swift; path = ViewController.swift; sourceTree = "<group>"; };
		3A97926A24584C35002AFDC5 /* SideMenuViewController.swift */ = {isa = PBXFileReference; lastKnownFileType = sourcecode.swift; path = SideMenuViewController.swift; sourceTree = "<group>"; };
		3A97927024598BF9002AFDC5 /* SideMenuStyleCell.swift */ = {isa = PBXFileReference; lastKnownFileType = sourcecode.swift; path = SideMenuStyleCell.swift; sourceTree = "<group>"; };
		3A97927124598BF9002AFDC5 /* SideMenuStyleCell.xib */ = {isa = PBXFileReference; lastKnownFileType = file.xib; path = SideMenuStyleCell.xib; sourceTree = "<group>"; };
		3A979274245BC021002AFDC5 /* MultiTableViewController.swift */ = {isa = PBXFileReference; lastKnownFileType = sourcecode.swift; path = MultiTableViewController.swift; sourceTree = "<group>"; };
		3A97E07E2435D7C000D4CCCB /* DebateApp.app */ = {isa = PBXFileReference; explicitFileType = wrapper.application; includeInIndex = 0; path = DebateApp.app; sourceTree = BUILT_PRODUCTS_DIR; };
		3A97E0812435D7C000D4CCCB /* AppDelegate.swift */ = {isa = PBXFileReference; lastKnownFileType = sourcecode.swift; path = AppDelegate.swift; sourceTree = "<group>"; };
		3A97E0832435D7C000D4CCCB /* SceneDelegate.swift */ = {isa = PBXFileReference; lastKnownFileType = sourcecode.swift; path = SceneDelegate.swift; sourceTree = "<group>"; };
		3A97E0852435D7C000D4CCCB /* ResisterFBViewController.swift */ = {isa = PBXFileReference; lastKnownFileType = sourcecode.swift; path = ResisterFBViewController.swift; sourceTree = "<group>"; };
		3A97E0882435D7C000D4CCCB /* Base */ = {isa = PBXFileReference; lastKnownFileType = file.storyboard; name = Base; path = Base.lproj/Main.storyboard; sourceTree = "<group>"; };
		3A97E08A2435D7C200D4CCCB /* Assets.xcassets */ = {isa = PBXFileReference; lastKnownFileType = folder.assetcatalog; path = Assets.xcassets; sourceTree = "<group>"; };
		3A97E08D2435D7C200D4CCCB /* Base */ = {isa = PBXFileReference; lastKnownFileType = file.storyboard; name = Base; path = Base.lproj/LaunchScreen.storyboard; sourceTree = "<group>"; };
		3A97E08F2435D7C200D4CCCB /* Info.plist */ = {isa = PBXFileReference; lastKnownFileType = text.plist.xml; path = Info.plist; sourceTree = "<group>"; };
		3AB6A121244944BA0065CEBC /* ScoreBarChartsScrollViewController.swift */ = {isa = PBXFileReference; lastKnownFileType = sourcecode.swift; path = ScoreBarChartsScrollViewController.swift; sourceTree = "<group>"; };
		3AB6A12C24495CC90065CEBC /* PieChartCell.swift */ = {isa = PBXFileReference; lastKnownFileType = sourcecode.swift; path = PieChartCell.swift; sourceTree = "<group>"; };
		3AB6A12D24495CC90065CEBC /* PieChartCell.xib */ = {isa = PBXFileReference; lastKnownFileType = file.xib; path = PieChartCell.xib; sourceTree = "<group>"; };
		3AB6A13024495CF10065CEBC /* BarChartwCell.swift */ = {isa = PBXFileReference; lastKnownFileType = sourcecode.swift; path = BarChartwCell.swift; sourceTree = "<group>"; };
		3AB6A13124495CF10065CEBC /* BarChartwCell.xib */ = {isa = PBXFileReference; lastKnownFileType = file.xib; path = BarChartwCell.xib; sourceTree = "<group>"; };
		3AB6A13424495E5D0065CEBC /* WinRatePieChartsScrollViewController.swift */ = {isa = PBXFileReference; lastKnownFileType = sourcecode.swift; path = WinRatePieChartsScrollViewController.swift; sourceTree = "<group>"; };
		3AB6A136244EEEB50065CEBC /* DrawGraph.swift */ = {isa = PBXFileReference; lastKnownFileType = sourcecode.swift; path = DrawGraph.swift; sourceTree = "<group>"; };
		3AB6A138244EEFFE0065CEBC /* NAPieChartViewCell.swift */ = {isa = PBXFileReference; lastKnownFileType = sourcecode.swift; path = NAPieChartViewCell.swift; sourceTree = "<group>"; };
		3AB6A139244EEFFE0065CEBC /* NAPieChartViewCell.xib */ = {isa = PBXFileReference; lastKnownFileType = file.xib; path = NAPieChartViewCell.xib; sourceTree = "<group>"; };
		3AB6A13C244EF0270065CEBC /* BPPieChartViewCell.swift */ = {isa = PBXFileReference; lastKnownFileType = sourcecode.swift; path = BPPieChartViewCell.swift; sourceTree = "<group>"; };
		3AB6A13D244EF0270065CEBC /* BPPieChartViewCell.xib */ = {isa = PBXFileReference; lastKnownFileType = file.xib; path = BPPieChartViewCell.xib; sourceTree = "<group>"; };
		3AB6A140244EF03A0065CEBC /* AsianPieChartViewCell2.swift */ = {isa = PBXFileReference; lastKnownFileType = sourcecode.swift; path = AsianPieChartViewCell2.swift; sourceTree = "<group>"; };
		3AB6A141244EF03A0065CEBC /* AsianPieChartViewCell2.xib */ = {isa = PBXFileReference; lastKnownFileType = file.xib; path = AsianPieChartViewCell2.xib; sourceTree = "<group>"; };
		3AC1557024383D6B0076D8D8 /* ExViewController.swift */ = {isa = PBXFileReference; lastKnownFileType = sourcecode.swift; path = ExViewController.swift; sourceTree = "<group>"; };
		6303956212BA5D74BCB99AD5 /* Pods_DebateApp.framework */ = {isa = PBXFileReference; explicitFileType = wrapper.framework; includeInIndex = 0; path = Pods_DebateApp.framework; sourceTree = BUILT_PRODUCTS_DIR; };
		8B7C5B718907B9CA8A67D898 /* Pods-DebateApp.release.xcconfig */ = {isa = PBXFileReference; includeInIndex = 1; lastKnownFileType = text.xcconfig; name = "Pods-DebateApp.release.xcconfig"; path = "Target Support Files/Pods-DebateApp/Pods-DebateApp.release.xcconfig"; sourceTree = "<group>"; };
		8E7F2167656F6D0AB137C9A8 /* Pods-DebateApp.debug.xcconfig */ = {isa = PBXFileReference; includeInIndex = 1; lastKnownFileType = text.xcconfig; name = "Pods-DebateApp.debug.xcconfig"; path = "Target Support Files/Pods-DebateApp/Pods-DebateApp.debug.xcconfig"; sourceTree = "<group>"; };
/* End PBXFileReference section */

/* Begin PBXFrameworksBuildPhase section */
		3A97E07B2435D7C000D4CCCB /* Frameworks */ = {
			isa = PBXFrameworksBuildPhase;
			buildActionMask = 2147483647;
			files = (
				51CBEE61B3DF41E7C5499261 /* Pods_DebateApp.framework in Frameworks */,
			);
			runOnlyForDeploymentPostprocessing = 0;
		};
/* End PBXFrameworksBuildPhase section */

/* Begin PBXGroup section */
		3A3D5AD9249BAB93005891D6 /* Style */ = {
			isa = PBXGroup;
			children = (
				3A3D5AD02477F083005891D6 /* StyleBaseViewController.swift */,
				3A3D5ACA2477EE16005891D6 /* NASlideController.swift */,
				3A3D5ACC2477EE23005891D6 /* BPSlideController.swift */,
				3A3D5ADC249BAC64005891D6 /* AsianSlideController.swift */,
			);
			path = Style;
			sourceTree = "<group>";
		};
		3A3D5ADA249BABA3005891D6 /* Role */ = {
			isa = PBXGroup;
			children = (
				3A3D5AD22478C4C9005891D6 /* RoleBaseViewController.swift */,
				3A3D5ADE249BAE0D005891D6 /* PMSlideController.swift */,
				3A3D5AE0249BAE1F005891D6 /* DPMSlideController.swift */,
				3A3D5AE2249BAE3B005891D6 /* MGSlideController.swift */,
				3A3D5AE4249BAE4E005891D6 /* GWSlideController.swift */,
				3A3D5AE6249BAE65005891D6 /* PMRSlideController.swift */,
				3A3D5AE8249BAE94005891D6 /* LOSlideController.swift */,
				3A3D5AEA249BAEA3005891D6 /* DLOSlideController.swift */,
				3A3D5AEC249BAEB0005891D6 /* MOSlideController.swift */,
				3A3D5AEE249BAEBC005891D6 /* OWSlideController.swift */,
				3A3D5AF0249BAEC8005891D6 /* LORSlideController.swift */,
			);
			path = Role;
			sourceTree = "<group>";
		};
		3A3D5ADB249BABAF005891D6 /* MotionGenre */ = {
			isa = PBXGroup;
			children = (
			);
			path = MotionGenre;
			sourceTree = "<group>";
		};
		3A5AD3F524ED4B7700A09C22 /* Style */ = {
			isa = PBXGroup;
			children = (
				3A97925624553FDD002AFDC5 /* NAScoreCell.swift */,
				3A97925724553FDD002AFDC5 /* NAScoreCell.xib */,
				3A97925A24554442002AFDC5 /* BPScoreCell.swift */,
				3A97925B24554442002AFDC5 /* BPScoreCell.xib */,
				3A97925E2455445C002AFDC5 /* AsianScoreCell.swift */,
				3A97925F2455445C002AFDC5 /* AsianScoreCell.xib */,
			);
			path = Style;
			sourceTree = "<group>";
		};
		3A5AD3F624ED4B9500A09C22 /* Motion Genre */ = {
			isa = PBXGroup;
			children = (
			);
			path = "Motion Genre";
			sourceTree = "<group>";
		};
		3A5AD3F724ED4BA800A09C22 /* Role */ = {
			isa = PBXGroup;
			children = (
				3A5AD3FB24ED4C6000A09C22 /* PMScoreCell.swift */,
				3A5AD3FC24ED4C6000A09C22 /* PMScoreCell.xib */,
			);
			path = Role;
			sourceTree = "<group>";
		};
		3A5AD3F824ED4BCA00A09C22 /* Style */ = {
			isa = PBXGroup;
			children = (
				3AB6A140244EF03A0065CEBC /* AsianPieChartViewCell2.swift */,
				3AB6A141244EF03A0065CEBC /* AsianPieChartViewCell2.xib */,
				3AB6A12C24495CC90065CEBC /* PieChartCell.swift */,
				3AB6A12D24495CC90065CEBC /* PieChartCell.xib */,
				3AB6A138244EEFFE0065CEBC /* NAPieChartViewCell.swift */,
				3AB6A139244EEFFE0065CEBC /* NAPieChartViewCell.xib */,
				3AB6A13C244EF0270065CEBC /* BPPieChartViewCell.swift */,
				3AB6A13D244EF0270065CEBC /* BPPieChartViewCell.xib */,
			);
			path = Style;
			sourceTree = "<group>";
		};
		3A5AD3F924ED4BD300A09C22 /* Role */ = {
			isa = PBXGroup;
			children = (
				3A5AD3FF24ED4F3B00A09C22 /* PMPieChartViewCell.swift */,
				3A5AD40024ED4F3B00A09C22 /* PMPieChartViewCell.xib */,
			);
			path = Role;
			sourceTree = "<group>";
		};
		3A5AD3FA24ED4BD900A09C22 /* Motion Genre */ = {
			isa = PBXGroup;
			children = (
			);
			path = "Motion Genre";
			sourceTree = "<group>";
		};
		3A7E52BC2446DBCB00174180 /* Figure */ = {
			isa = PBXGroup;
			children = (
				3A7E52BE2446DC0500174180 /* FigureViewController.swift */,
				3AB6A121244944BA0065CEBC /* ScoreBarChartsScrollViewController.swift */,
				3AB6A13424495E5D0065CEBC /* WinRatePieChartsScrollViewController.swift */,
			);
			path = Figure;
			sourceTree = "<group>";
		};
		3A7E52BD2446DBD200174180 /* FeedBack */ = {
			isa = PBXGroup;
			children = (
				3A97E0852435D7C000D4CCCB /* ResisterFBViewController.swift */,
				3A7E52BA24418D6900174180 /* EditFBViewController.swift */,
				3A742711243B2C19005D6F78 /* InitialViewController.swift */,
				3AC1557024383D6B0076D8D8 /* ExViewController.swift */,
				3A3D5ABE2464EAC2005891D6 /* TagListTableViewController.swift */,
				3A3D5AC424665AAC005891D6 /* EditTagViewController.swift */,
			);
			path = FeedBack;
			sourceTree = "<group>";
		};
		3A979250244FF2B5002AFDC5 /* WinRate */ = {
			isa = PBXGroup;
			children = (
				3A5AD3FA24ED4BD900A09C22 /* Motion Genre */,
				3A5AD3F924ED4BD300A09C22 /* Role */,
				3A5AD3F824ED4BCA00A09C22 /* Style */,
			);
			path = WinRate;
			sourceTree = "<group>";
		};
		3A979251244FF2E7002AFDC5 /* Score */ = {
			isa = PBXGroup;
			children = (
				3A5AD3F524ED4B7700A09C22 /* Style */,
				3A5AD3F724ED4BA800A09C22 /* Role */,
				3A5AD3F624ED4B9500A09C22 /* Motion Genre */,
				3A979252245287D9002AFDC5 /* TotalScoreCell.swift */,
				3A979253245287D9002AFDC5 /* TotalScoreCell.xib */,
			);
			path = Score;
			sourceTree = "<group>";
		};
		3A97E0752435D7C000D4CCCB = {
			isa = PBXGroup;
			children = (
				3A872ED5243B5F9B00CC5EF3 /* README.md */,
				3A97E0802435D7C000D4CCCB /* DebateApp */,
				3A97E07F2435D7C000D4CCCB /* Products */,
				5F04E41E4DC5762E7DBA5A22 /* Pods */,
				A5D679DDFBD22FBD15F426F0 /* Frameworks */,
			);
			sourceTree = "<group>";
		};
		3A97E07F2435D7C000D4CCCB /* Products */ = {
			isa = PBXGroup;
			children = (
				3A97E07E2435D7C000D4CCCB /* DebateApp.app */,
			);
			name = Products;
			sourceTree = "<group>";
		};
		3A97E0802435D7C000D4CCCB /* DebateApp */ = {
			isa = PBXGroup;
			children = (
				3AB6A12324495BED0065CEBC /* src */,
				3A97E08F2435D7C200D4CCCB /* Info.plist */,
			);
			path = DebateApp;
			sourceTree = "<group>";
		};
		3A97E0952436F9FC00D4CCCB /* Controller */ = {
			isa = PBXGroup;
			children = (
				3A97926624582C18002AFDC5 /* ViewController.swift */,
				3A97926A24584C35002AFDC5 /* SideMenuViewController.swift */,
				3A7E52BD2446DBD200174180 /* FeedBack */,
				3A7E52BC2446DBCB00174180 /* Figure */,
				3A3D5AD9249BAB93005891D6 /* Style */,
				3A3D5ADA249BABA3005891D6 /* Role */,
				3A3D5ADB249BABAF005891D6 /* MotionGenre */,
				3A97E0812435D7C000D4CCCB /* AppDelegate.swift */,
				3A97E0832435D7C000D4CCCB /* SceneDelegate.swift */,
				3A3D5AD62478C6EE005891D6 /* MenuTableViewController.swift */,
				3A979274245BC021002AFDC5 /* MultiTableViewController.swift */,
				3A375FC12462979400A57F29 /* TagViewController.swift */,
				3A375FC3246297B000A57F29 /* ExTagListTableViewController.swift */,
				3A3D5AD42478C4DB005891D6 /* GenreBaseViewController.swift */,
			);
			path = Controller;
			sourceTree = "<group>";
		};
		3A97E0962436FA0D00D4CCCB /* View */ = {
			isa = PBXGroup;
			children = (
				3AB6A144244EF3090065CEBC /* GraphCell */,
				3A97E0872435D7C000D4CCCB /* Main.storyboard */,
				3A97E08A2435D7C200D4CCCB /* Assets.xcassets */,
				3A97E08C2435D7C200D4CCCB /* LaunchScreen.storyboard */,
				3A742713243B51CB005D6F78 /* FeedBackCell.swift */,
				3A742714243B51CB005D6F78 /* FeedBackCell.xib */,
				3A97927024598BF9002AFDC5 /* SideMenuStyleCell.swift */,
				3A97927124598BF9002AFDC5 /* SideMenuStyleCell.xib */,
				3A3D5AC024665876005891D6 /* TagCell.swift */,
				3A3D5AC124665876005891D6 /* TagCell.xib */,
			);
			path = View;
			sourceTree = "<group>";
		};
		3A97E0972436FA1200D4CCCB /* Model */ = {
			isa = PBXGroup;
			children = (
				3A2CD2A324370BCB008FC787 /* FeedBack.swift */,
				3A7E52C02447F35400174180 /* Result.swift */,
				3A7E52C22447FFDE00174180 /* ResultCalculation.swift */,
				3AB6A136244EEEB50065CEBC /* DrawGraph.swift */,
			);
			path = Model;
			sourceTree = "<group>";
		};
		3AB6A12324495BED0065CEBC /* src */ = {
			isa = PBXGroup;
			children = (
				3A97E0972436FA1200D4CCCB /* Model */,
				3A97E0962436FA0D00D4CCCB /* View */,
				3A97E0952436F9FC00D4CCCB /* Controller */,
			);
			path = src;
			sourceTree = "<group>";
		};
		3AB6A144244EF3090065CEBC /* GraphCell */ = {
			isa = PBXGroup;
			children = (
				3A979251244FF2E7002AFDC5 /* Score */,
				3A979250244FF2B5002AFDC5 /* WinRate */,
				3AB6A13024495CF10065CEBC /* BarChartwCell.swift */,
				3AB6A13124495CF10065CEBC /* BarChartwCell.xib */,
			);
			path = GraphCell;
			sourceTree = "<group>";
		};
		5F04E41E4DC5762E7DBA5A22 /* Pods */ = {
			isa = PBXGroup;
			children = (
				8E7F2167656F6D0AB137C9A8 /* Pods-DebateApp.debug.xcconfig */,
				8B7C5B718907B9CA8A67D898 /* Pods-DebateApp.release.xcconfig */,
			);
			path = Pods;
			sourceTree = "<group>";
		};
		A5D679DDFBD22FBD15F426F0 /* Frameworks */ = {
			isa = PBXGroup;
			children = (
				6303956212BA5D74BCB99AD5 /* Pods_DebateApp.framework */,
			);
			name = Frameworks;
			sourceTree = "<group>";
		};
/* End PBXGroup section */

/* Begin PBXNativeTarget section */
		3A97E07D2435D7C000D4CCCB /* DebateApp */ = {
			isa = PBXNativeTarget;
			buildConfigurationList = 3A97E0922435D7C200D4CCCB /* Build configuration list for PBXNativeTarget "DebateApp" */;
			buildPhases = (
				4C71A5B9AB84E87E81A64171 /* [CP] Check Pods Manifest.lock */,
				3A97E07A2435D7C000D4CCCB /* Sources */,
				3A97E07B2435D7C000D4CCCB /* Frameworks */,
				3A97E07C2435D7C000D4CCCB /* Resources */,
				5762265605E98A634DA76BF4 /* [CP] Embed Pods Frameworks */,
			);
			buildRules = (
			);
			dependencies = (
			);
			name = DebateApp;
			productName = DebateApp;
			productReference = 3A97E07E2435D7C000D4CCCB /* DebateApp.app */;
			productType = "com.apple.product-type.application";
		};
/* End PBXNativeTarget section */

/* Begin PBXProject section */
		3A97E0762435D7C000D4CCCB /* Project object */ = {
			isa = PBXProject;
			attributes = {
				LastSwiftUpdateCheck = 1130;
				LastUpgradeCheck = 1130;
				ORGANIZATIONNAME = "Masaki Sakai";
				TargetAttributes = {
					3A97E07D2435D7C000D4CCCB = {
						CreatedOnToolsVersion = 11.3.1;
					};
				};
			};
			buildConfigurationList = 3A97E0792435D7C000D4CCCB /* Build configuration list for PBXProject "DebateApp" */;
			compatibilityVersion = "Xcode 9.3";
			developmentRegion = en;
			hasScannedForEncodings = 0;
			knownRegions = (
				en,
				Base,
			);
			mainGroup = 3A97E0752435D7C000D4CCCB;
			productRefGroup = 3A97E07F2435D7C000D4CCCB /* Products */;
			projectDirPath = "";
			projectRoot = "";
			targets = (
				3A97E07D2435D7C000D4CCCB /* DebateApp */,
			);
		};
/* End PBXProject section */

/* Begin PBXResourcesBuildPhase section */
		3A97E07C2435D7C000D4CCCB /* Resources */ = {
			isa = PBXResourcesBuildPhase;
			buildActionMask = 2147483647;
			files = (
				3AB6A12F24495CC90065CEBC /* PieChartCell.xib in Resources */,
				3A5AD40224ED4F3B00A09C22 /* PMPieChartViewCell.xib in Resources */,
				3A97925D24554442002AFDC5 /* BPScoreCell.xib in Resources */,
				3AB6A143244EF03A0065CEBC /* AsianPieChartViewCell2.xib in Resources */,
				3A9792612455445C002AFDC5 /* AsianScoreCell.xib in Resources */,
				3AB6A13B244EEFFE0065CEBC /* NAPieChartViewCell.xib in Resources */,
				3AB6A13F244EF0270065CEBC /* BPPieChartViewCell.xib in Resources */,
				3A5AD3FE24ED4C6000A09C22 /* PMScoreCell.xib in Resources */,
				3A97E08E2435D7C200D4CCCB /* LaunchScreen.storyboard in Resources */,
				3A97E08B2435D7C200D4CCCB /* Assets.xcassets in Resources */,
				3A3D5AC324665876005891D6 /* TagCell.xib in Resources */,
				3A872ED6243B5F9B00CC5EF3 /* README.md in Resources */,
				3A97925924553FDD002AFDC5 /* NAScoreCell.xib in Resources */,
				3AB6A13324495CF10065CEBC /* BarChartwCell.xib in Resources */,
				3A979255245287D9002AFDC5 /* TotalScoreCell.xib in Resources */,
				3A742716243B51CB005D6F78 /* FeedBackCell.xib in Resources */,
				3A97927324598BF9002AFDC5 /* SideMenuStyleCell.xib in Resources */,
				3A97E0892435D7C000D4CCCB /* Main.storyboard in Resources */,
			);
			runOnlyForDeploymentPostprocessing = 0;
		};
/* End PBXResourcesBuildPhase section */

/* Begin PBXShellScriptBuildPhase section */
		4C71A5B9AB84E87E81A64171 /* [CP] Check Pods Manifest.lock */ = {
			isa = PBXShellScriptBuildPhase;
			buildActionMask = 2147483647;
			files = (
			);
			inputFileListPaths = (
			);
			inputPaths = (
				"${PODS_PODFILE_DIR_PATH}/Podfile.lock",
				"${PODS_ROOT}/Manifest.lock",
			);
			name = "[CP] Check Pods Manifest.lock";
			outputFileListPaths = (
			);
			outputPaths = (
				"$(DERIVED_FILE_DIR)/Pods-DebateApp-checkManifestLockResult.txt",
			);
			runOnlyForDeploymentPostprocessing = 0;
			shellPath = /bin/sh;
			shellScript = "diff \"${PODS_PODFILE_DIR_PATH}/Podfile.lock\" \"${PODS_ROOT}/Manifest.lock\" > /dev/null\nif [ $? != 0 ] ; then\n    # print error to STDERR\n    echo \"error: The sandbox is not in sync with the Podfile.lock. Run 'pod install' or update your CocoaPods installation.\" >&2\n    exit 1\nfi\n# This output is used by Xcode 'outputs' to avoid re-running this script phase.\necho \"SUCCESS\" > \"${SCRIPT_OUTPUT_FILE_0}\"\n";
			showEnvVarsInLog = 0;
		};
		5762265605E98A634DA76BF4 /* [CP] Embed Pods Frameworks */ = {
			isa = PBXShellScriptBuildPhase;
			buildActionMask = 2147483647;
			files = (
			);
			inputFileListPaths = (
				"${PODS_ROOT}/Target Support Files/Pods-DebateApp/Pods-DebateApp-frameworks-${CONFIGURATION}-input-files.xcfilelist",
			);
			name = "[CP] Embed Pods Frameworks";
			outputFileListPaths = (
				"${PODS_ROOT}/Target Support Files/Pods-DebateApp/Pods-DebateApp-frameworks-${CONFIGURATION}-output-files.xcfilelist",
			);
			runOnlyForDeploymentPostprocessing = 0;
			shellPath = /bin/sh;
			shellScript = "\"${PODS_ROOT}/Target Support Files/Pods-DebateApp/Pods-DebateApp-frameworks.sh\"\n";
			showEnvVarsInLog = 0;
		};
/* End PBXShellScriptBuildPhase section */

/* Begin PBXSourcesBuildPhase section */
		3A97E07A2435D7C000D4CCCB /* Sources */ = {
			isa = PBXSourcesBuildPhase;
			buildActionMask = 2147483647;
			files = (
				3A3D5AC224665876005891D6 /* TagCell.swift in Sources */,
				3A742715243B51CB005D6F78 /* FeedBackCell.swift in Sources */,
				3A97E0862435D7C000D4CCCB /* ResisterFBViewController.swift in Sources */,
				3A3D5AF1249BAEC8005891D6 /* LORSlideController.swift in Sources */,
				3A7E52BB24418D6900174180 /* EditFBViewController.swift in Sources */,
				3A3D5AED249BAEB0005891D6 /* MOSlideController.swift in Sources */,
				3A3D5AE7249BAE65005891D6 /* PMRSlideController.swift in Sources */,
				3A3D5AD12477F083005891D6 /* StyleBaseViewController.swift in Sources */,
				3AC1557124383D6B0076D8D8 /* ExViewController.swift in Sources */,
				3AB6A13E244EF0270065CEBC /* BPPieChartViewCell.swift in Sources */,
				3AB6A13224495CF10065CEBC /* BarChartwCell.swift in Sources */,
				3A97926724582C18002AFDC5 /* ViewController.swift in Sources */,
				3A3D5AD32478C4C9005891D6 /* RoleBaseViewController.swift in Sources */,
				3A97E0822435D7C000D4CCCB /* AppDelegate.swift in Sources */,
				3A3D5AEF249BAEBC005891D6 /* OWSlideController.swift in Sources */,
				3A97925824553FDD002AFDC5 /* NAScoreCell.swift in Sources */,
				3AB6A122244944BA0065CEBC /* ScoreBarChartsScrollViewController.swift in Sources */,
				3AB6A12E24495CC90065CEBC /* PieChartCell.swift in Sources */,
				3A7E52BF2446DC0500174180 /* FigureViewController.swift in Sources */,
				3A3D5ACB2477EE16005891D6 /* NASlideController.swift in Sources */,
				3A7E52C12447F35400174180 /* Result.swift in Sources */,
				3A375FC22462979400A57F29 /* TagViewController.swift in Sources */,
				3A3D5AD52478C4DB005891D6 /* GenreBaseViewController.swift in Sources */,
				3A3D5AE9249BAE94005891D6 /* LOSlideController.swift in Sources */,
				3A5AD40124ED4F3B00A09C22 /* PMPieChartViewCell.swift in Sources */,
				3A97927224598BF9002AFDC5 /* SideMenuStyleCell.swift in Sources */,
				3A375FC4246297B000A57F29 /* ExTagListTableViewController.swift in Sources */,
				3A97926B24584C35002AFDC5 /* SideMenuViewController.swift in Sources */,
				3A3D5AD72478C6EE005891D6 /* MenuTableViewController.swift in Sources */,
				3A3D5ABF2464EAC3005891D6 /* TagListTableViewController.swift in Sources */,
				3A5AD3FD24ED4C6000A09C22 /* PMScoreCell.swift in Sources */,
				3A97925C24554442002AFDC5 /* BPScoreCell.swift in Sources */,
				3A3D5AE3249BAE3B005891D6 /* MGSlideController.swift in Sources */,
				3AB6A137244EEEB50065CEBC /* DrawGraph.swift in Sources */,
				3AB6A142244EF03A0065CEBC /* AsianPieChartViewCell2.swift in Sources */,
				3AB6A13524495E5D0065CEBC /* WinRatePieChartsScrollViewController.swift in Sources */,
				3A3D5ADF249BAE0D005891D6 /* PMSlideController.swift in Sources */,
				3A3D5AC524665AAC005891D6 /* EditTagViewController.swift in Sources */,
				3A3D5AEB249BAEA3005891D6 /* DLOSlideController.swift in Sources */,
				3A742712243B2C19005D6F78 /* InitialViewController.swift in Sources */,
				3A3D5AE5249BAE4E005891D6 /* GWSlideController.swift in Sources */,
				3A979254245287D9002AFDC5 /* TotalScoreCell.swift in Sources */,
				3A3D5AE1249BAE1F005891D6 /* DPMSlideController.swift in Sources */,
				3A2CD2A424370BCB008FC787 /* FeedBack.swift in Sources */,
				3A9792602455445C002AFDC5 /* AsianScoreCell.swift in Sources */,
				3A3D5ACD2477EE23005891D6 /* BPSlideController.swift in Sources */,
				3A7E52C32447FFDE00174180 /* ResultCalculation.swift in Sources */,
				3A979275245BC021002AFDC5 /* MultiTableViewController.swift in Sources */,
				3A3D5ADD249BAC64005891D6 /* AsianSlideController.swift in Sources */,
				3AB6A13A244EEFFE0065CEBC /* NAPieChartViewCell.swift in Sources */,
				3A97E0842435D7C000D4CCCB /* SceneDelegate.swift in Sources */,
			);
			runOnlyForDeploymentPostprocessing = 0;
		};
/* End PBXSourcesBuildPhase section */

/* Begin PBXVariantGroup section */
		3A97E0872435D7C000D4CCCB /* Main.storyboard */ = {
			isa = PBXVariantGroup;
			children = (
				3A97E0882435D7C000D4CCCB /* Base */,
			);
			name = Main.storyboard;
			sourceTree = "<group>";
		};
		3A97E08C2435D7C200D4CCCB /* LaunchScreen.storyboard */ = {
			isa = PBXVariantGroup;
			children = (
				3A97E08D2435D7C200D4CCCB /* Base */,
			);
			name = LaunchScreen.storyboard;
			sourceTree = "<group>";
		};
/* End PBXVariantGroup section */

/* Begin XCBuildConfiguration section */
		3A97E0902435D7C200D4CCCB /* Debug */ = {
			isa = XCBuildConfiguration;
			buildSettings = {
				ALWAYS_SEARCH_USER_PATHS = NO;
				CLANG_ANALYZER_NONNULL = YES;
				CLANG_ANALYZER_NUMBER_OBJECT_CONVERSION = YES_AGGRESSIVE;
				CLANG_CXX_LANGUAGE_STANDARD = "gnu++14";
				CLANG_CXX_LIBRARY = "libc++";
				CLANG_ENABLE_MODULES = YES;
				CLANG_ENABLE_OBJC_ARC = YES;
				CLANG_ENABLE_OBJC_WEAK = YES;
				CLANG_WARN_BLOCK_CAPTURE_AUTORELEASING = YES;
				CLANG_WARN_BOOL_CONVERSION = YES;
				CLANG_WARN_COMMA = YES;
				CLANG_WARN_CONSTANT_CONVERSION = YES;
				CLANG_WARN_DEPRECATED_OBJC_IMPLEMENTATIONS = YES;
				CLANG_WARN_DIRECT_OBJC_ISA_USAGE = YES_ERROR;
				CLANG_WARN_DOCUMENTATION_COMMENTS = YES;
				CLANG_WARN_EMPTY_BODY = YES;
				CLANG_WARN_ENUM_CONVERSION = YES;
				CLANG_WARN_INFINITE_RECURSION = YES;
				CLANG_WARN_INT_CONVERSION = YES;
				CLANG_WARN_NON_LITERAL_NULL_CONVERSION = YES;
				CLANG_WARN_OBJC_IMPLICIT_RETAIN_SELF = YES;
				CLANG_WARN_OBJC_LITERAL_CONVERSION = YES;
				CLANG_WARN_OBJC_ROOT_CLASS = YES_ERROR;
				CLANG_WARN_RANGE_LOOP_ANALYSIS = YES;
				CLANG_WARN_STRICT_PROTOTYPES = YES;
				CLANG_WARN_SUSPICIOUS_MOVE = YES;
				CLANG_WARN_UNGUARDED_AVAILABILITY = YES_AGGRESSIVE;
				CLANG_WARN_UNREACHABLE_CODE = YES;
				CLANG_WARN__DUPLICATE_METHOD_MATCH = YES;
				COPY_PHASE_STRIP = NO;
				DEBUG_INFORMATION_FORMAT = dwarf;
				ENABLE_STRICT_OBJC_MSGSEND = YES;
				ENABLE_TESTABILITY = YES;
				GCC_C_LANGUAGE_STANDARD = gnu11;
				GCC_DYNAMIC_NO_PIC = NO;
				GCC_NO_COMMON_BLOCKS = YES;
				GCC_OPTIMIZATION_LEVEL = 0;
				GCC_PREPROCESSOR_DEFINITIONS = (
					"DEBUG=1",
					"$(inherited)",
				);
				GCC_WARN_64_TO_32_BIT_CONVERSION = YES;
				GCC_WARN_ABOUT_RETURN_TYPE = YES_ERROR;
				GCC_WARN_UNDECLARED_SELECTOR = YES;
				GCC_WARN_UNINITIALIZED_AUTOS = YES_AGGRESSIVE;
				GCC_WARN_UNUSED_FUNCTION = YES;
				GCC_WARN_UNUSED_VARIABLE = YES;
				IPHONEOS_DEPLOYMENT_TARGET = 13.2;
				MTL_ENABLE_DEBUG_INFO = INCLUDE_SOURCE;
				MTL_FAST_MATH = YES;
				ONLY_ACTIVE_ARCH = YES;
				SDKROOT = iphoneos;
				SWIFT_ACTIVE_COMPILATION_CONDITIONS = DEBUG;
				SWIFT_OPTIMIZATION_LEVEL = "-Onone";
			};
			name = Debug;
		};
		3A97E0912435D7C200D4CCCB /* Release */ = {
			isa = XCBuildConfiguration;
			buildSettings = {
				ALWAYS_SEARCH_USER_PATHS = NO;
				CLANG_ANALYZER_NONNULL = YES;
				CLANG_ANALYZER_NUMBER_OBJECT_CONVERSION = YES_AGGRESSIVE;
				CLANG_CXX_LANGUAGE_STANDARD = "gnu++14";
				CLANG_CXX_LIBRARY = "libc++";
				CLANG_ENABLE_MODULES = YES;
				CLANG_ENABLE_OBJC_ARC = YES;
				CLANG_ENABLE_OBJC_WEAK = YES;
				CLANG_WARN_BLOCK_CAPTURE_AUTORELEASING = YES;
				CLANG_WARN_BOOL_CONVERSION = YES;
				CLANG_WARN_COMMA = YES;
				CLANG_WARN_CONSTANT_CONVERSION = YES;
				CLANG_WARN_DEPRECATED_OBJC_IMPLEMENTATIONS = YES;
				CLANG_WARN_DIRECT_OBJC_ISA_USAGE = YES_ERROR;
				CLANG_WARN_DOCUMENTATION_COMMENTS = YES;
				CLANG_WARN_EMPTY_BODY = YES;
				CLANG_WARN_ENUM_CONVERSION = YES;
				CLANG_WARN_INFINITE_RECURSION = YES;
				CLANG_WARN_INT_CONVERSION = YES;
				CLANG_WARN_NON_LITERAL_NULL_CONVERSION = YES;
				CLANG_WARN_OBJC_IMPLICIT_RETAIN_SELF = YES;
				CLANG_WARN_OBJC_LITERAL_CONVERSION = YES;
				CLANG_WARN_OBJC_ROOT_CLASS = YES_ERROR;
				CLANG_WARN_RANGE_LOOP_ANALYSIS = YES;
				CLANG_WARN_STRICT_PROTOTYPES = YES;
				CLANG_WARN_SUSPICIOUS_MOVE = YES;
				CLANG_WARN_UNGUARDED_AVAILABILITY = YES_AGGRESSIVE;
				CLANG_WARN_UNREACHABLE_CODE = YES;
				CLANG_WARN__DUPLICATE_METHOD_MATCH = YES;
				COPY_PHASE_STRIP = NO;
				DEBUG_INFORMATION_FORMAT = "dwarf-with-dsym";
				ENABLE_NS_ASSERTIONS = NO;
				ENABLE_STRICT_OBJC_MSGSEND = YES;
				GCC_C_LANGUAGE_STANDARD = gnu11;
				GCC_NO_COMMON_BLOCKS = YES;
				GCC_WARN_64_TO_32_BIT_CONVERSION = YES;
				GCC_WARN_ABOUT_RETURN_TYPE = YES_ERROR;
				GCC_WARN_UNDECLARED_SELECTOR = YES;
				GCC_WARN_UNINITIALIZED_AUTOS = YES_AGGRESSIVE;
				GCC_WARN_UNUSED_FUNCTION = YES;
				GCC_WARN_UNUSED_VARIABLE = YES;
				IPHONEOS_DEPLOYMENT_TARGET = 13.2;
				MTL_ENABLE_DEBUG_INFO = NO;
				MTL_FAST_MATH = YES;
				SDKROOT = iphoneos;
				SWIFT_COMPILATION_MODE = wholemodule;
				SWIFT_OPTIMIZATION_LEVEL = "-O";
				VALIDATE_PRODUCT = YES;
			};
			name = Release;
		};
		3A97E0932435D7C200D4CCCB /* Debug */ = {
			isa = XCBuildConfiguration;
			baseConfigurationReference = 8E7F2167656F6D0AB137C9A8 /* Pods-DebateApp.debug.xcconfig */;
			buildSettings = {
				ASSETCATALOG_COMPILER_APPICON_NAME = AppIcon;
				CODE_SIGN_STYLE = Automatic;
				DEVELOPMENT_TEAM = 36QH7628VZ;
				INFOPLIST_FILE = DebateApp/Info.plist;
				LD_RUNPATH_SEARCH_PATHS = (
					"$(inherited)",
					"@executable_path/Frameworks",
				);
				PRODUCT_BUNDLE_IDENTIFIER = com.MasakiProduct.DebateApp;
				PRODUCT_NAME = "$(TARGET_NAME)";
				SWIFT_VERSION = 5.0;
				TARGETED_DEVICE_FAMILY = "1,2";
			};
			name = Debug;
		};
		3A97E0942435D7C200D4CCCB /* Release */ = {
			isa = XCBuildConfiguration;
			baseConfigurationReference = 8B7C5B718907B9CA8A67D898 /* Pods-DebateApp.release.xcconfig */;
			buildSettings = {
				ASSETCATALOG_COMPILER_APPICON_NAME = AppIcon;
				CODE_SIGN_STYLE = Automatic;
				DEVELOPMENT_TEAM = 36QH7628VZ;
				INFOPLIST_FILE = DebateApp/Info.plist;
				LD_RUNPATH_SEARCH_PATHS = (
					"$(inherited)",
					"@executable_path/Frameworks",
				);
				PRODUCT_BUNDLE_IDENTIFIER = com.MasakiProduct.DebateApp;
				PRODUCT_NAME = "$(TARGET_NAME)";
				SWIFT_VERSION = 5.0;
				TARGETED_DEVICE_FAMILY = "1,2";
			};
			name = Release;
		};
/* End XCBuildConfiguration section */

/* Begin XCConfigurationList section */
		3A97E0792435D7C000D4CCCB /* Build configuration list for PBXProject "DebateApp" */ = {
			isa = XCConfigurationList;
			buildConfigurations = (
				3A97E0902435D7C200D4CCCB /* Debug */,
				3A97E0912435D7C200D4CCCB /* Release */,
			);
			defaultConfigurationIsVisible = 0;
			defaultConfigurationName = Release;
		};
		3A97E0922435D7C200D4CCCB /* Build configuration list for PBXNativeTarget "DebateApp" */ = {
			isa = XCConfigurationList;
			buildConfigurations = (
				3A97E0932435D7C200D4CCCB /* Debug */,
				3A97E0942435D7C200D4CCCB /* Release */,
			);
			defaultConfigurationIsVisible = 0;
			defaultConfigurationName = Release;
		};
/* End XCConfigurationList section */
	};
	rootObject = 3A97E0762435D7C000D4CCCB /* Project object */;
}
